
Microsoft Visual Studio Solution File, Format Version 12.00
# Visual Studio Version 16
VisualStudioVersion = 16.0.30717.126
MinimumVisualStudioVersion = 10.0.40219.1
Project("{9A19103F-16F7-4668-BE54-9A1E7A4F7556}") = "MinhaAgendaMinhavida", "MinhaAgendaMinhavida\MinhaAgendaMinhavida.csproj", "{E0596BC3-7160-453E-B82A-C5E8E069FE47}"
EndProject
Global
	GlobalSection(SolutionConfigurationPlatforms) = preSolution
		Debug|Any CPU = Debug|Any CPU
		Release|Any CPU = Release|Any CPU
	EndGlobalSection
	GlobalSection(ProjectConfigurationPlatforms) = postSolution
		{E0596BC3-7160-453E-B82A-C5E8E069FE47}.Debug|Any CPU.ActiveCfg = Debug|Any CPU
		{E0596BC3-7160-453E-B82A-C5E8E069FE47}.Debug|Any CPU.Build.0 = Debug|Any CPU
		{E0596BC3-7160-453E-B82A-C5E8E069FE47}.Release|Any CPU.ActiveCfg = Release|Any CPU
		{E0596BC3-7160-453E-B82A-C5E8E069FE47}.Release|Any CPU.Build.0 = Release|Any CPU
	EndGlobalSection
	GlobalSection(SolutionProperties) = preSolution
		HideSolutionNode = FALSE
	EndGlobalSection
	GlobalSection(ExtensibilityGlobals) = postSolution
		SolutionGuid = {763D93D1-98A3-451A-88D5-07DB986C4F47}
	EndGlobalSection
EndGlobal
